// !$*UTF8*$!
{
	archiveVersion = 1;
	classes = {
	};
	objectVersion = 46;
	objects = {

/* Begin PBXBuildFile section */
		9C31536A14E1D31D00073DD2 /* UIKit.framework in Frameworks */ = {isa = PBXBuildFile; fileRef = 9C31536914E1D31D00073DD2 /* UIKit.framework */; };
		9C31536C14E1D31D00073DD2 /* Foundation.framework in Frameworks */ = {isa = PBXBuildFile; fileRef = 9C31536B14E1D31D00073DD2 /* Foundation.framework */; };
		9C31536E14E1D31D00073DD2 /* CoreGraphics.framework in Frameworks */ = {isa = PBXBuildFile; fileRef = 9C31536D14E1D31D00073DD2 /* CoreGraphics.framework */; };
		9C31537414E1D31D00073DD2 /* InfoPlist.strings in Resources */ = {isa = PBXBuildFile; fileRef = 9C31537214E1D31D00073DD2 /* InfoPlist.strings */; };
		9C31537614E1D31D00073DD2 /* main.m in Sources */ = {isa = PBXBuildFile; fileRef = 9C31537514E1D31D00073DD2 /* main.m */; };
		9C31537A14E1D31D00073DD2 /* AppDelegate.m in Sources */ = {isa = PBXBuildFile; fileRef = 9C31537914E1D31D00073DD2 /* AppDelegate.m */; };
		9C31537D14E1D31D00073DD2 /* MasterViewController.m in Sources */ = {isa = PBXBuildFile; fileRef = 9C31537C14E1D31D00073DD2 /* MasterViewController.m */; };
		9C31538014E1D31D00073DD2 /* DetailViewController.m in Sources */ = {isa = PBXBuildFile; fileRef = 9C31537F14E1D31D00073DD2 /* DetailViewController.m */; };
		9C31538314E1D31D00073DD2 /* MasterViewController_iPhone.xib in Resources */ = {isa = PBXBuildFile; fileRef = 9C31538114E1D31D00073DD2 /* MasterViewController_iPhone.xib */; };
		9C31538614E1D31D00073DD2 /* MasterViewController_iPad.xib in Resources */ = {isa = PBXBuildFile; fileRef = 9C31538414E1D31D00073DD2 /* MasterViewController_iPad.xib */; };
		9C31538914E1D31D00073DD2 /* DetailViewController_iPhone.xib in Resources */ = {isa = PBXBuildFile; fileRef = 9C31538714E1D31D00073DD2 /* DetailViewController_iPhone.xib */; };
		9C31538C14E1D31D00073DD2 /* DetailViewController_iPad.xib in Resources */ = {isa = PBXBuildFile; fileRef = 9C31538A14E1D31D00073DD2 /* DetailViewController_iPad.xib */; };
		9C31539414E1D3CD00073DD2 /* Ville.m in Sources */ = {isa = PBXBuildFile; fileRef = 9C31539314E1D3CD00073DD2 /* Ville.m */; };
		9CBCAE7C14E86F6000BD7494 /* MapKit.framework in Frameworks */ = {isa = PBXBuildFile; fileRef = 9CBCAE7B14E86F6000BD7494 /* MapKit.framework */; };
		9CBCAE9314E891D400BD7494 /* PointCarte.m in Sources */ = {isa = PBXBuildFile; fileRef = 9CBCAE9214E891D400BD7494 /* PointCarte.m */; };
/* End PBXBuildFile section */

/* Begin PBXFileReference section */
		9C31536514E1D31D00073DD2 /* Communes.app */ = {isa = PBXFileReference; explicitFileType = wrapper.application; includeInIndex = 0; path = Communes.app; sourceTree = BUILT_PRODUCTS_DIR; };
		9C31536914E1D31D00073DD2 /* UIKit.framework */ = {isa = PBXFileReference; lastKnownFileType = wrapper.framework; name = UIKit.framework; path = System/Library/Frameworks/UIKit.framework; sourceTree = SDKROOT; };
		9C31536B14E1D31D00073DD2 /* Foundation.framework */ = {isa = PBXFileReference; lastKnownFileType = wrapper.framework; name = Foundation.framework; path = System/Library/Frameworks/Foundation.framework; sourceTree = SDKROOT; };
		9C31536D14E1D31D00073DD2 /* CoreGraphics.framework */ = {isa = PBXFileReference; lastKnownFileType = wrapper.framework; name = CoreGraphics.framework; path = System/Library/Frameworks/CoreGraphics.framework; sourceTree = SDKROOT; };
		9C31537114E1D31D00073DD2 /* Communes-Info.plist */ = {isa = PBXFileReference; lastKnownFileType = text.plist.xml; path = "Communes-Info.plist"; sourceTree = "<group>"; };
		9C31537314E1D31D00073DD2 /* en */ = {isa = PBXFileReference; lastKnownFileType = text.plist.strings; name = en; path = en.lproj/InfoPlist.strings; sourceTree = "<group>"; };
		9C31537514E1D31D00073DD2 /* main.m */ = {isa = PBXFileReference; lastKnownFileType = sourcecode.c.objc; path = main.m; sourceTree = "<group>"; };
		9C31537714E1D31D00073DD2 /* Communes-Prefix.pch */ = {isa = PBXFileReference; lastKnownFileType = sourcecode.c.h; path = "Communes-Prefix.pch"; sourceTree = "<group>"; };
		9C31537814E1D31D00073DD2 /* AppDelegate.h */ = {isa = PBXFileReference; lastKnownFileType = sourcecode.c.h; path = AppDelegate.h; sourceTree = "<group>"; };
		9C31537914E1D31D00073DD2 /* AppDelegate.m */ = {isa = PBXFileReference; lastKnownFileType = sourcecode.c.objc; path = AppDelegate.m; sourceTree = "<group>"; };
		9C31537B14E1D31D00073DD2 /* MasterViewController.h */ = {isa = PBXFileReference; lastKnownFileType = sourcecode.c.h; path = MasterViewController.h; sourceTree = "<group>"; };
		9C31537C14E1D31D00073DD2 /* MasterViewController.m */ = {isa = PBXFileReference; lastKnownFileType = sourcecode.c.objc; path = MasterViewController.m; sourceTree = "<group>"; };
		9C31537E14E1D31D00073DD2 /* DetailViewController.h */ = {isa = PBXFileReference; lastKnownFileType = sourcecode.c.h; path = DetailViewController.h; sourceTree = "<group>"; };
		9C31537F14E1D31D00073DD2 /* DetailViewController.m */ = {isa = PBXFileReference; lastKnownFileType = sourcecode.c.objc; path = DetailViewController.m; sourceTree = "<group>"; };
		9C31538214E1D31D00073DD2 /* en */ = {isa = PBXFileReference; lastKnownFileType = file.xib; name = en; path = en.lproj/MasterViewController_iPhone.xib; sourceTree = "<group>"; };
		9C31538514E1D31D00073DD2 /* en */ = {isa = PBXFileReference; lastKnownFileType = file.xib; name = en; path = en.lproj/MasterViewController_iPad.xib; sourceTree = "<group>"; };
		9C31538814E1D31D00073DD2 /* en */ = {isa = PBXFileReference; lastKnownFileType = file.xib; name = en; path = en.lproj/DetailViewController_iPhone.xib; sourceTree = "<group>"; };
		9C31538B14E1D31D00073DD2 /* en */ = {isa = PBXFileReference; lastKnownFileType = file.xib; name = en; path = en.lproj/DetailViewController_iPad.xib; sourceTree = "<group>"; };
		9C31539214E1D3CD00073DD2 /* Ville.h */ = {isa = PBXFileReference; fileEncoding = 4; lastKnownFileType = sourcecode.c.h; path = Ville.h; sourceTree = "<group>"; };
		9C31539314E1D3CD00073DD2 /* Ville.m */ = {isa = PBXFileReference; fileEncoding = 4; lastKnownFileType = sourcecode.c.objc; path = Ville.m; sourceTree = "<group>"; };
		9CBCAE7B14E86F6000BD7494 /* MapKit.framework */ = {isa = PBXFileReference; lastKnownFileType = wrapper.framework; name = MapKit.framework; path = System/Library/Frameworks/MapKit.framework; sourceTree = SDKROOT; };
		9CBCAE9114E891D400BD7494 /* PointCarte.h */ = {isa = PBXFileReference; fileEncoding = 4; lastKnownFileType = sourcecode.c.h; path = PointCarte.h; sourceTree = "<group>"; };
		9CBCAE9214E891D400BD7494 /* PointCarte.m */ = {isa = PBXFileReference; fileEncoding = 4; lastKnownFileType = sourcecode.c.objc; path = PointCarte.m; sourceTree = "<group>"; };
/* End PBXFileReference section */

/* Begin PBXFrameworksBuildPhase section */
		9C31536214E1D31D00073DD2 /* Frameworks */ = {
			isa = PBXFrameworksBuildPhase;
			buildActionMask = 2147483647;
			files = (
				9CBCAE7C14E86F6000BD7494 /* MapKit.framework in Frameworks */,
				9C31536A14E1D31D00073DD2 /* UIKit.framework in Frameworks */,
				9C31536C14E1D31D00073DD2 /* Foundation.framework in Frameworks */,
				9C31536E14E1D31D00073DD2 /* CoreGraphics.framework in Frameworks */,
			);
			runOnlyForDeploymentPostprocessing = 0;
		};
/* End PBXFrameworksBuildPhase section */

/* Begin PBXGroup section */
		9C31535A14E1D31D00073DD2 = {
			isa = PBXGroup;
			children = (
				9C31536F14E1D31D00073DD2 /* Communes */,
				9C31536814E1D31D00073DD2 /* Frameworks */,
				9C31536614E1D31D00073DD2 /* Products */,
			);
			sourceTree = "<group>";
		};
		9C31536614E1D31D00073DD2 /* Products */ = {
			isa = PBXGroup;
			children = (
				9C31536514E1D31D00073DD2 /* Communes.app */,
			);
			name = Products;
			sourceTree = "<group>";
		};
		9C31536814E1D31D00073DD2 /* Frameworks */ = {
			isa = PBXGroup;
			children = (
				9CBCAE7B14E86F6000BD7494 /* MapKit.framework */,
				9C31536914E1D31D00073DD2 /* UIKit.framework */,
				9C31536B14E1D31D00073DD2 /* Foundation.framework */,
				9C31536D14E1D31D00073DD2 /* CoreGraphics.framework */,
			);
			name = Frameworks;
			sourceTree = "<group>";
		};
		9C31536F14E1D31D00073DD2 /* Communes */ = {
			isa = PBXGroup;
			children = (
				9C31539A14E1D4AB00073DD2 /* Controlleur */,
				9C31539914E1D49600073DD2 /* Modele */,
				9C31537814E1D31D00073DD2 /* AppDelegate.h */,
				9C31537914E1D31D00073DD2 /* AppDelegate.m */,
				9C31538114E1D31D00073DD2 /* MasterViewController_iPhone.xib */,
				9C31538414E1D31D00073DD2 /* MasterViewController_iPad.xib */,
				9C31538714E1D31D00073DD2 /* DetailViewController_iPhone.xib */,
				9C31538A14E1D31D00073DD2 /* DetailViewController_iPad.xib */,
				9C31537014E1D31D00073DD2 /* Supporting Files */,
			);
			path = Communes;
			sourceTree = "<group>";
		};
		9C31537014E1D31D00073DD2 /* Supporting Files */ = {
			isa = PBXGroup;
			children = (
				9C31537114E1D31D00073DD2 /* Communes-Info.plist */,
				9C31537214E1D31D00073DD2 /* InfoPlist.strings */,
				9C31537514E1D31D00073DD2 /* main.m */,
				9C31537714E1D31D00073DD2 /* Communes-Prefix.pch */,
			);
			name = "Supporting Files";
			sourceTree = "<group>";
		};
		9C31539914E1D49600073DD2 /* Modele */ = {
			isa = PBXGroup;
			children = (
				9C31539214E1D3CD00073DD2 /* Ville.h */,
				9C31539314E1D3CD00073DD2 /* Ville.m */,
				9CBCAE9114E891D400BD7494 /* PointCarte.h */,
				9CBCAE9214E891D400BD7494 /* PointCarte.m */,
			);
			name = Modele;
			sourceTree = "<group>";
		};
		9C31539A14E1D4AB00073DD2 /* Controlleur */ = {
			isa = PBXGroup;
			children = (
				9C31537B14E1D31D00073DD2 /* MasterViewController.h */,
				9C31537C14E1D31D00073DD2 /* MasterViewController.m */,
				9C31537E14E1D31D00073DD2 /* DetailViewController.h */,
				9C31537F14E1D31D00073DD2 /* DetailViewController.m */,
			);
			name = Controlleur;
			sourceTree = "<group>";
		};
/* End PBXGroup section */

/* Begin PBXNativeTarget section */
		9C31536414E1D31D00073DD2 /* Communes */ = {
			isa = PBXNativeTarget;
			buildConfigurationList = 9C31538F14E1D31D00073DD2 /* Build configuration list for PBXNativeTarget "Communes" */;
			buildPhases = (
				9C31536114E1D31D00073DD2 /* Sources */,
				9C31536214E1D31D00073DD2 /* Frameworks */,
				9C31536314E1D31D00073DD2 /* Resources */,
			);
			buildRules = (
			);
			dependencies = (
			);
			name = Communes;
			productName = Communes;
			productReference = 9C31536514E1D31D00073DD2 /* Communes.app */;
			productType = "com.apple.product-type.application";
		};
/* End PBXNativeTarget section */

/* Begin PBXProject section */
		9C31535C14E1D31D00073DD2 /* Project object */ = {
			isa = PBXProject;
			attributes = {
				LastUpgradeCheck = 0420;
				ORGANIZATIONNAME = ISIMA;
			};
			buildConfigurationList = 9C31535F14E1D31D00073DD2 /* Build configuration list for PBXProject "Communes" */;
			compatibilityVersion = "Xcode 3.2";
			developmentRegion = English;
			hasScannedForEncodings = 0;
			knownRegions = (
				en,
			);
			mainGroup = 9C31535A14E1D31D00073DD2;
			productRefGroup = 9C31536614E1D31D00073DD2 /* Products */;
			projectDirPath = "";
			projectRoot = "";
			targets = (
				9C31536414E1D31D00073DD2 /* Communes */,
			);
		};
/* End PBXProject section */

/* Begin PBXResourcesBuildPhase section */
		9C31536314E1D31D00073DD2 /* Resources */ = {
			isa = PBXResourcesBuildPhase;
			buildActionMask = 2147483647;
			files = (
				9C31537414E1D31D00073DD2 /* InfoPlist.strings in Resources */,
				9C31538314E1D31D00073DD2 /* MasterViewController_iPhone.xib in Resources */,
				9C31538614E1D31D00073DD2 /* MasterViewController_iPad.xib in Resources */,
				9C31538914E1D31D00073DD2 /* DetailViewController_iPhone.xib in Resources */,
				9C31538C14E1D31D00073DD2 /* DetailViewController_iPad.xib in Resources */,
			);
			runOnlyForDeploymentPostprocessing = 0;
		};
/* End PBXResourcesBuildPhase section */

/* Begin PBXSourcesBuildPhase section */
		9C31536114E1D31D00073DD2 /* Sources */ = {
			isa = PBXSourcesBuildPhase;
			buildActionMask = 2147483647;
			files = (
				9C31537614E1D31D00073DD2 /* main.m in Sources */,
				9C31537A14E1D31D00073DD2 /* AppDelegate.m in Sources */,
				9C31537D14E1D31D00073DD2 /* MasterViewController.m in Sources */,
				9C31538014E1D31D00073DD2 /* DetailViewController.m in Sources */,
				9C31539414E1D3CD00073DD2 /* Ville.m in Sources */,
				9CBCAE9314E891D400BD7494 /* PointCarte.m in Sources */,
			);
			runOnlyForDeploymentPostprocessing = 0;
		};
/* End PBXSourcesBuildPhase section */

/* Begin PBXVariantGroup section */
		9C31537214E1D31D00073DD2 /* InfoPlist.strings */ = {
			isa = PBXVariantGroup;
			children = (
				9C31537314E1D31D00073DD2 /* en */,
			);
			name = InfoPlist.strings;
			sourceTree = "<group>";
		};
		9C31538114E1D31D00073DD2 /* MasterViewController_iPhone.xib */ = {
			isa = PBXVariantGroup;
			children = (
				9C31538214E1D31D00073DD2 /* en */,
			);
			name = MasterViewController_iPhone.xib;
			sourceTree = "<group>";
		};
		9C31538414E1D31D00073DD2 /* MasterViewController_iPad.xib */ = {
			isa = PBXVariantGroup;
			children = (
				9C31538514E1D31D00073DD2 /* en */,
			);
			name = MasterViewController_iPad.xib;
			sourceTree = "<group>";
		};
		9C31538714E1D31D00073DD2 /* DetailViewController_iPhone.xib */ = {
			isa = PBXVariantGroup;
			children = (
				9C31538814E1D31D00073DD2 /* en */,
			);
			name = DetailViewController_iPhone.xib;
			sourceTree = "<group>";
		};
		9C31538A14E1D31D00073DD2 /* DetailViewController_iPad.xib */ = {
			isa = PBXVariantGroup;
			children = (
				9C31538B14E1D31D00073DD2 /* en */,
			);
			name = DetailViewController_iPad.xib;
			sourceTree = "<group>";
		};
/* End PBXVariantGroup section */

/* Begin XCBuildConfiguration section */
		9C31538D14E1D31D00073DD2 /* Debug */ = {
			isa = XCBuildConfiguration;
			buildSettings = {
				ALWAYS_SEARCH_USER_PATHS = NO;
				ARCHS = "$(ARCHS_STANDARD_32_BIT)";
				"CODE_SIGN_IDENTITY[sdk=iphoneos*]" = "iPhone Developer";
				COPY_PHASE_STRIP = NO;
				GCC_C_LANGUAGE_STANDARD = gnu99;
				GCC_DYNAMIC_NO_PIC = NO;
				GCC_OPTIMIZATION_LEVEL = 0;
				GCC_PREPROCESSOR_DEFINITIONS = (
					"DEBUG=1",
					"$(inherited)",
				);
				GCC_SYMBOLS_PRIVATE_EXTERN = NO;
				GCC_VERSION = com.apple.compilers.llvm.clang.1_0;
				GCC_WARN_ABOUT_MISSING_PROTOTYPES = YES;
				GCC_WARN_ABOUT_RETURN_TYPE = YES;
				GCC_WARN_UNUSED_VARIABLE = YES;
				IPHONEOS_DEPLOYMENT_TARGET = 5.0;
				SDKROOT = iphoneos;
				TARGETED_DEVICE_FAMILY = "1,2";
			};
			name = Debug;
		};
		9C31538E14E1D31D00073DD2 /* Release */ = {
			isa = XCBuildConfiguration;
			buildSettings = {
				ALWAYS_SEARCH_USER_PATHS = NO;
				ARCHS = "$(ARCHS_STANDARD_32_BIT)";
				"CODE_SIGN_IDENTITY[sdk=iphoneos*]" = "iPhone Developer";
				COPY_PHASE_STRIP = YES;
				GCC_C_LANGUAGE_STANDARD = gnu99;
				GCC_VERSION = com.apple.compilers.llvm.clang.1_0;
				GCC_WARN_ABOUT_MISSING_PROTOTYPES = YES;
				GCC_WARN_ABOUT_RETURN_TYPE = YES;
				GCC_WARN_UNUSED_VARIABLE = YES;
				IPHONEOS_DEPLOYMENT_TARGET = 5.0;
				OTHER_CFLAGS = "-DNS_BLOCK_ASSERTIONS=1";
				SDKROOT = iphoneos;
				TARGETED_DEVICE_FAMILY = "1,2";
				VALIDATE_PRODUCT = YES;
			};
			name = Release;
		};
		9C31539014E1D31D00073DD2 /* Debug */ = {
			isa = XCBuildConfiguration;
			buildSettings = {
				GCC_PRECOMPILE_PREFIX_HEADER = YES;
				GCC_PREFIX_HEADER = "Communes/Communes-Prefix.pch";
				INFOPLIST_FILE = "Communes/Communes-Info.plist";
				PRODUCT_NAME = "$(TARGET_NAME)";
				WRAPPER_EXTENSION = app;
			};
			name = Debug;
		};
		9C31539114E1D31D00073DD2 /* Release */ = {
			isa = XCBuildConfiguration;
			buildSettings = {
				GCC_PRECOMPILE_PREFIX_HEADER = YES;
				GCC_PREFIX_HEADER = "Communes/Communes-Prefix.pch";
				INFOPLIST_FILE = "Communes/Communes-Info.plist";
				PRODUCT_NAME = "$(TARGET_NAME)";
				WRAPPER_EXTENSION = app;
			};
			name = Release;
		};
/* End XCBuildConfiguration section */

/* Begin XCConfigurationList section */
		9C31535F14E1D31D00073DD2 /* Build configuration list for PBXProject "Communes" */ = {
			isa = XCConfigurationList;
			buildConfigurations = (
				9C31538D14E1D31D00073DD2 /* Debug */,
				9C31538E14E1D31D00073DD2 /* Release */,
			);
			defaultConfigurationIsVisible = 0;
			defaultConfigurationName = Release;
		};
		9C31538F14E1D31D00073DD2 /* Build configuration list for PBXNativeTarget "Communes" */ = {
			isa = XCConfigurationList;
			buildConfigurations = (
				9C31539014E1D31D00073DD2 /* Debug */,
				9C31539114E1D31D00073DD2 /* Release */,
			);
			defaultConfigurationIsVisible = 0;
			defaultConfigurationName = Release;
		};
/* End XCConfigurationList section */
	};
	rootObject = 9C31535C14E1D31D00073DD2 /* Project object */;
}
