
Microsoft Visual Studio Solution File, Format Version 11.00
# Visual Studio 2010
Project("{FAE04EC0-301F-11D3-BF4B-00C04F79EFBC}") = "WSLivre", "WSLivre\WSLivre.csproj", "{7443F8A2-7AC7-497E-88E1-8D3D39277953}"
EndProject
Project("{FAE04EC0-301F-11D3-BF4B-00C04F79EFBC}") = "BusinessLayer", "BusinessLayer\BusinessLayer.csproj", "{9FEDC6AB-D211-41C5-9130-6D24AE110ECD}"
	ProjectSection(ProjectDependencies) = postProject
		{7D1E8392-D74D-442D-BD52-FAE0D586E839} = {7D1E8392-D74D-442D-BD52-FAE0D586E839}
	EndProjectSection
EndProject
Project("{FAE04EC0-301F-11D3-BF4B-00C04F79EFBC}") = "DataAccessLayer", "DataAccessLayer\DataAccessLayer.csproj", "{7D1E8392-D74D-442D-BD52-FAE0D586E839}"
EndProject
Project("{FAE04EC0-301F-11D3-BF4B-00C04F79EFBC}") = "UnitTest", "UnitTest\UnitTest.csproj", "{9663017A-37C2-49EB-8A2D-47776DF3E716}"
	ProjectSection(ProjectDependencies) = postProject
		{7443F8A2-7AC7-497E-88E1-8D3D39277953} = {7443F8A2-7AC7-497E-88E1-8D3D39277953}
	EndProjectSection
EndProject
Project("{2150E333-8FDC-42A3-9474-1A3956D46DE8}") = "Solution Items", "Solution Items", "{141811FE-DE3F-4371-AA26-C9806E0511AE}"
	ProjectSection(SolutionItems) = preProject
		Local.testsettings = Local.testsettings
		TraceAndTestImpact.testsettings = TraceAndTestImpact.testsettings
		WSLivre.vsmdi = WSLivre.vsmdi
	EndProjectSection
EndProject
Global
	GlobalSection(TestCaseManagementSettings) = postSolution
		CategoryFile = WSLivre.vsmdi
	EndGlobalSection
	GlobalSection(SolutionConfigurationPlatforms) = preSolution
		Debug|Any CPU = Debug|Any CPU
		Release|Any CPU = Release|Any CPU
	EndGlobalSection
	GlobalSection(ProjectConfigurationPlatforms) = postSolution
		{7443F8A2-7AC7-497E-88E1-8D3D39277953}.Debug|Any CPU.ActiveCfg = Debug|Any CPU
		{7443F8A2-7AC7-497E-88E1-8D3D39277953}.Debug|Any CPU.Build.0 = Debug|Any CPU
		{7443F8A2-7AC7-497E-88E1-8D3D39277953}.Release|Any CPU.ActiveCfg = Release|Any CPU
		{7443F8A2-7AC7-497E-88E1-8D3D39277953}.Release|Any CPU.Build.0 = Release|Any CPU
		{9FEDC6AB-D211-41C5-9130-6D24AE110ECD}.Debug|Any CPU.ActiveCfg = Debug|Any CPU
		{9FEDC6AB-D211-41C5-9130-6D24AE110ECD}.Debug|Any CPU.Build.0 = Debug|Any CPU
		{9FEDC6AB-D211-41C5-9130-6D24AE110ECD}.Release|Any CPU.ActiveCfg = Release|Any CPU
		{9FEDC6AB-D211-41C5-9130-6D24AE110ECD}.Release|Any CPU.Build.0 = Release|Any CPU
		{7D1E8392-D74D-442D-BD52-FAE0D586E839}.Debug|Any CPU.ActiveCfg = Debug|Any CPU
		{7D1E8392-D74D-442D-BD52-FAE0D586E839}.Debug|Any CPU.Build.0 = Debug|Any CPU
		{7D1E8392-D74D-442D-BD52-FAE0D586E839}.Release|Any CPU.ActiveCfg = Release|Any CPU
		{7D1E8392-D74D-442D-BD52-FAE0D586E839}.Release|Any CPU.Build.0 = Release|Any CPU
		{9663017A-37C2-49EB-8A2D-47776DF3E716}.Debug|Any CPU.ActiveCfg = Debug|Any CPU
		{9663017A-37C2-49EB-8A2D-47776DF3E716}.Debug|Any CPU.Build.0 = Debug|Any CPU
		{9663017A-37C2-49EB-8A2D-47776DF3E716}.Release|Any CPU.ActiveCfg = Release|Any CPU
		{9663017A-37C2-49EB-8A2D-47776DF3E716}.Release|Any CPU.Build.0 = Release|Any CPU
	EndGlobalSection
	GlobalSection(SolutionProperties) = preSolution
		HideSolutionNode = FALSE
	EndGlobalSection
EndGlobal
